// !$*UTF8*$!
{
	archiveVersion = 1;
	classes = {
	};
	objectVersion = 77;
	objects = {

/* Begin PBXContainerItemProxy section */
		AC22FAAF2D0830BE00BFC51E /* PBXContainerItemProxy */ = {
			isa = PBXContainerItemProxy;
			containerPortal = AC22FA962D0830BC00BFC51E /* Project object */;
			proxyType = 1;
			remoteGlobalIDString = AC22FA9D2D0830BC00BFC51E;
			remoteInfo = EasyStudy;
		};
		AC22FAB92D0830BE00BFC51E /* PBXContainerItemProxy */ = {
			isa = PBXContainerItemProxy;
			containerPortal = AC22FA962D0830BC00BFC51E /* Project object */;
			proxyType = 1;
			remoteGlobalIDString = AC22FA9D2D0830BC00BFC51E;
			remoteInfo = EasyStudy;
		};
/* End PBXContainerItemProxy section */

/* Begin PBXFileReference section */
		AC22FA9E2D0830BC00BFC51E /* EasyStudy.app */ = {isa = PBXFileReference; explicitFileType = wrapper.application; includeInIndex = 0; path = EasyStudy.app; sourceTree = BUILT_PRODUCTS_DIR; };
		AC22FAAE2D0830BE00BFC51E /* EasyStudyTests.xctest */ = {isa = PBXFileReference; explicitFileType = wrapper.cfbundle; includeInIndex = 0; path = EasyStudyTests.xctest; sourceTree = BUILT_PRODUCTS_DIR; };
		AC22FAB82D0830BE00BFC51E /* EasyStudyUITests.xctest */ = {isa = PBXFileReference; explicitFileType = wrapper.cfbundle; includeInIndex = 0; path = EasyStudyUITests.xctest; sourceTree = BUILT_PRODUCTS_DIR; };
/* End PBXFileReference section */

/* Begin PBXFileSystemSynchronizedRootGroup section */
		AC22FAA02D0830BC00BFC51E /* EasyStudy */ = {
			isa = PBXFileSystemSynchronizedRootGroup;
			path = EasyStudy;
			sourceTree = "<group>";
		};
		AC22FAB12D0830BE00BFC51E /* EasyStudyTests */ = {
			isa = PBXFileSystemSynchronizedRootGroup;
			path = EasyStudyTests;
			sourceTree = "<group>";
		};
		AC22FABB2D0830BE00BFC51E /* EasyStudyUITests */ = {
			isa = PBXFileSystemSynchronizedRootGroup;
			path = EasyStudyUITests;
			sourceTree = "<group>";
		};
/* End PBXFileSystemSynchronizedRootGroup section */

/* Begin PBXFrameworksBuildPhase section */
		AC22FA9B2D0830BC00BFC51E /* Frameworks */ = {
			isa = PBXFrameworksBuildPhase;
			buildActionMask = 2147483647;
			files = (
			);
			runOnlyForDeploymentPostprocessing = 0;
		};
		AC22FAAB2D0830BE00BFC51E /* Frameworks */ = {
			isa = PBXFrameworksBuildPhase;
			buildActionMask = 2147483647;
			files = (
			);
			runOnlyForDeploymentPostprocessing = 0;
		};
		AC22FAB52D0830BE00BFC51E /* Frameworks */ = {
			isa = PBXFrameworksBuildPhase;
			buildActionMask = 2147483647;
			files = (
			);
			runOnlyForDeploymentPostprocessing = 0;
		};
/* End PBXFrameworksBuildPhase section */

/* Begin PBXGroup section */
		AC22FA952D0830BC00BFC51E = {
			isa = PBXGroup;
			children = (
				AC22FAA02D0830BC00BFC51E /* EasyStudy */,
				AC22FAB12D0830BE00BFC51E /* EasyStudyTests */,
				AC22FABB2D0830BE00BFC51E /* EasyStudyUITests */,
				AC22FA9F2D0830BC00BFC51E /* Products */,
			);
			sourceTree = "<group>";
		};
		AC22FA9F2D0830BC00BFC51E /* Products */ = {
			isa = PBXGroup;
			children = (
				AC22FA9E2D0830BC00BFC51E /* EasyStudy.app */,
				AC22FAAE2D0830BE00BFC51E /* EasyStudyTests.xctest */,
				AC22FAB82D0830BE00BFC51E /* EasyStudyUITests.xctest */,
			);
			name = Products;
			sourceTree = "<group>";
		};
/* End PBXGroup section */

/* Begin PBXNativeTarget section */
		AC22FA9D2D0830BC00BFC51E /* EasyStudy */ = {
			isa = PBXNativeTarget;
			buildConfigurationList = AC22FAC22D0830BE00BFC51E /* Build configuration list for PBXNativeTarget "EasyStudy" */;
			buildPhases = (
				AC22FA9A2D0830BC00BFC51E /* Sources */,
				AC22FA9B2D0830BC00BFC51E /* Frameworks */,
				AC22FA9C2D0830BC00BFC51E /* Resources */,
			);
			buildRules = (
			);
			dependencies = (
			);
			fileSystemSynchronizedGroups = (
				AC22FAA02D0830BC00BFC51E /* EasyStudy */,
			);
			name = EasyStudy;
			packageProductDependencies = (
			);
			productName = EasyStudy;
			productReference = AC22FA9E2D0830BC00BFC51E /* EasyStudy.app */;
			productType = "com.apple.product-type.application";
		};
		AC22FAAD2D0830BE00BFC51E /* EasyStudyTests */ = {
			isa = PBXNativeTarget;
			buildConfigurationList = AC22FAC52D0830BE00BFC51E /* Build configuration list for PBXNativeTarget "EasyStudyTests" */;
			buildPhases = (
				AC22FAAA2D0830BE00BFC51E /* Sources */,
				AC22FAAB2D0830BE00BFC51E /* Frameworks */,
				AC22FAAC2D0830BE00BFC51E /* Resources */,
			);
			buildRules = (
			);
			dependencies = (
				AC22FAB02D0830BE00BFC51E /* PBXTargetDependency */,
			);
			fileSystemSynchronizedGroups = (
				AC22FAB12D0830BE00BFC51E /* EasyStudyTests */,
			);
			name = EasyStudyTests;
			packageProductDependencies = (
			);
			productName = EasyStudyTests;
			productReference = AC22FAAE2D0830BE00BFC51E /* EasyStudyTests.xctest */;
			productType = "com.apple.product-type.bundle.unit-test";
		};
		AC22FAB72D0830BE00BFC51E /* EasyStudyUITests */ = {
			isa = PBXNativeTarget;
			buildConfigurationList = AC22FAC82D0830BE00BFC51E /* Build configuration list for PBXNativeTarget "EasyStudyUITests" */;
			buildPhases = (
				AC22FAB42D0830BE00BFC51E /* Sources */,
				AC22FAB52D0830BE00BFC51E /* Frameworks */,
				AC22FAB62D0830BE00BFC51E /* Resources */,
			);
			buildRules = (
			);
			dependencies = (
				AC22FABA2D0830BE00BFC51E /* PBXTargetDependency */,
			);
			fileSystemSynchronizedGroups = (
				AC22FABB2D0830BE00BFC51E /* EasyStudyUITests */,
			);
			name = EasyStudyUITests;
			packageProductDependencies = (
			);
			productName = EasyStudyUITests;
			productReference = AC22FAB82D0830BE00BFC51E /* EasyStudyUITests.xctest */;
			productType = "com.apple.product-type.bundle.ui-testing";
		};
/* End PBXNativeTarget section */

/* Begin PBXProject section */
		AC22FA962D0830BC00BFC51E /* Project object */ = {
			isa = PBXProject;
			attributes = {
				BuildIndependentTargetsInParallel = 1;
				LastSwiftUpdateCheck = 1610;
				LastUpgradeCheck = 1610;
				TargetAttributes = {
					AC22FA9D2D0830BC00BFC51E = {
						CreatedOnToolsVersion = 16.1;
					};
					AC22FAAD2D0830BE00BFC51E = {
						CreatedOnToolsVersion = 16.1;
						TestTargetID = AC22FA9D2D0830BC00BFC51E;
					};
					AC22FAB72D0830BE00BFC51E = {
						CreatedOnToolsVersion = 16.1;
						TestTargetID = AC22FA9D2D0830BC00BFC51E;
					};
				};
			};
			buildConfigurationList = AC22FA992D0830BC00BFC51E /* Build configuration list for PBXProject "EasyStudy" */;
			developmentRegion = en;
			hasScannedForEncodings = 0;
			knownRegions = (
				en,
				Base,
			);
			mainGroup = AC22FA952D0830BC00BFC51E;
			minimizedProjectReferenceProxies = 1;
			preferredProjectObjectVersion = 77;
			productRefGroup = AC22FA9F2D0830BC00BFC51E /* Products */;
			projectDirPath = "";
			projectRoot = "";
			targets = (
				AC22FA9D2D0830BC00BFC51E /* EasyStudy */,
				AC22FAAD2D0830BE00BFC51E /* EasyStudyTests */,
				AC22FAB72D0830BE00BFC51E /* EasyStudyUITests */,
			);
		};
/* End PBXProject section */

/* Begin PBXResourcesBuildPhase section */
		AC22FA9C2D0830BC00BFC51E /* Resources */ = {
			isa = PBXResourcesBuildPhase;
			buildActionMask = 2147483647;
			files = (
			);
			runOnlyForDeploymentPostprocessing = 0;
		};
		AC22FAAC2D0830BE00BFC51E /* Resources */ = {
			isa = PBXResourcesBuildPhase;
			buildActionMask = 2147483647;
			files = (
			);
			runOnlyForDeploymentPostprocessing = 0;
		};
		AC22FAB62D0830BE00BFC51E /* Resources */ = {
			isa = PBXResourcesBuildPhase;
			buildActionMask = 2147483647;
			files = (
			);
			runOnlyForDeploymentPostprocessing = 0;
		};
/* End PBXResourcesBuildPhase section */

/* Begin PBXSourcesBuildPhase section */
		AC22FA9A2D0830BC00BFC51E /* Sources */ = {
			isa = PBXSourcesBuildPhase;
			buildActionMask = 2147483647;
			files = (
			);
			runOnlyForDeploymentPostprocessing = 0;
		};
		AC22FAAA2D0830BE00BFC51E /* Sources */ = {
			isa = PBXSourcesBuildPhase;
			buildActionMask = 2147483647;
			files = (
			);
			runOnlyForDeploymentPostprocessing = 0;
		};
		AC22FAB42D0830BE00BFC51E /* Sources */ = {
			isa = PBXSourcesBuildPhase;
			buildActionMask = 2147483647;
			files = (
			);
			runOnlyForDeploymentPostprocessing = 0;
		};
/* End PBXSourcesBuildPhase section */

/* Begin PBXTargetDependency section */
		AC22FAB02D0830BE00BFC51E /* PBXTargetDependency */ = {
			isa = PBXTargetDependency;
			target = AC22FA9D2D0830BC00BFC51E /* EasyStudy */;
			targetProxy = AC22FAAF2D0830BE00BFC51E /* PBXContainerItemProxy */;
		};
		AC22FABA2D0830BE00BFC51E /* PBXTargetDependency */ = {
			isa = PBXTargetDependency;
			target = AC22FA9D2D0830BC00BFC51E /* EasyStudy */;
			targetProxy = AC22FAB92D0830BE00BFC51E /* PBXContainerItemProxy */;
		};
/* End PBXTargetDependency section */

/* Begin XCBuildConfiguration section */
		AC22FAC02D0830BE00BFC51E /* Debug */ = {
			isa = XCBuildConfiguration;
			buildSettings = {
				ALWAYS_SEARCH_USER_PATHS = NO;
				ASSETCATALOG_COMPILER_GENERATE_SWIFT_ASSET_SYMBOL_EXTENSIONS = YES;
				CLANG_ANALYZER_NONNULL = YES;
				CLANG_ANALYZER_NUMBER_OBJECT_CONVERSION = YES_AGGRESSIVE;
				CLANG_CXX_LANGUAGE_STANDARD = "gnu++20";
				CLANG_ENABLE_MODULES = YES;
				CLANG_ENABLE_OBJC_ARC = YES;
				CLANG_ENABLE_OBJC_WEAK = YES;
				CLANG_WARN_BLOCK_CAPTURE_AUTORELEASING = YES;
				CLANG_WARN_BOOL_CONVERSION = YES;
				CLANG_WARN_COMMA = YES;
				CLANG_WARN_CONSTANT_CONVERSION = YES;
				CLANG_WARN_DEPRECATED_OBJC_IMPLEMENTATIONS = YES;
				CLANG_WARN_DIRECT_OBJC_ISA_USAGE = YES_ERROR;
				CLANG_WARN_DOCUMENTATION_COMMENTS = YES;
				CLANG_WARN_EMPTY_BODY = YES;
				CLANG_WARN_ENUM_CONVERSION = YES;
				CLANG_WARN_INFINITE_RECURSION = YES;
				CLANG_WARN_INT_CONVERSION = YES;
				CLANG_WARN_NON_LITERAL_NULL_CONVERSION = YES;
				CLANG_WARN_OBJC_IMPLICIT_RETAIN_SELF = YES;
				CLANG_WARN_OBJC_LITERAL_CONVERSION = YES;
				CLANG_WARN_OBJC_ROOT_CLASS = YES_ERROR;
				CLANG_WARN_QUOTED_INCLUDE_IN_FRAMEWORK_HEADER = YES;
				CLANG_WARN_RANGE_LOOP_ANALYSIS = YES;
				CLANG_WARN_STRICT_PROTOTYPES = YES;
				CLANG_WARN_SUSPICIOUS_MOVE = YES;
				CLANG_WARN_UNGUARDED_AVAILABILITY = YES_AGGRESSIVE;
				CLANG_WARN_UNREACHABLE_CODE = YES;
				CLANG_WARN__DUPLICATE_METHOD_MATCH = YES;
				COPY_PHASE_STRIP = NO;
				DEBUG_INFORMATION_FORMAT = dwarf;
				ENABLE_STRICT_OBJC_MSGSEND = YES;
				ENABLE_TESTABILITY = YES;
				ENABLE_USER_SCRIPT_SANDBOXING = YES;
				GCC_C_LANGUAGE_STANDARD = gnu17;
				GCC_DYNAMIC_NO_PIC = NO;
				GCC_NO_COMMON_BLOCKS = YES;
				GCC_OPTIMIZATION_LEVEL = 0;
				GCC_PREPROCESSOR_DEFINITIONS = (
					"DEBUG=1",
					"$(inherited)",
				);
				GCC_WARN_64_TO_32_BIT_CONVERSION = YES;
				GCC_WARN_ABOUT_RETURN_TYPE = YES_ERROR;
				GCC_WARN_UNDECLARED_SELECTOR = YES;
				GCC_WARN_UNINITIALIZED_AUTOS = YES_AGGRESSIVE;
				GCC_WARN_UNUSED_FUNCTION = YES;
				GCC_WARN_UNUSED_VARIABLE = YES;
				IPHONEOS_DEPLOYMENT_TARGET = 18.1;
				LOCALIZATION_PREFERS_STRING_CATALOGS = YES;
				MTL_ENABLE_DEBUG_INFO = INCLUDE_SOURCE;
				MTL_FAST_MATH = YES;
				ONLY_ACTIVE_ARCH = YES;
				SDKROOT = iphoneos;
				SWIFT_ACTIVE_COMPILATION_CONDITIONS = "DEBUG $(inherited)";
				SWIFT_OPTIMIZATION_LEVEL = "-Onone";
			};
			name = Debug;
		};
		AC22FAC12D0830BE00BFC51E /* Release */ = {
			isa = XCBuildConfiguration;
			buildSettings = {
				ALWAYS_SEARCH_USER_PATHS = NO;
				ASSETCATALOG_COMPILER_GENERATE_SWIFT_ASSET_SYMBOL_EXTENSIONS = YES;
				CLANG_ANALYZER_NONNULL = YES;
				CLANG_ANALYZER_NUMBER_OBJECT_CONVERSION = YES_AGGRESSIVE;
				CLANG_CXX_LANGUAGE_STANDARD = "gnu++20";
				CLANG_ENABLE_MODULES = YES;
				CLANG_ENABLE_OBJC_ARC = YES;
				CLANG_ENABLE_OBJC_WEAK = YES;
				CLANG_WARN_BLOCK_CAPTURE_AUTORELEASING = YES;
				CLANG_WARN_BOOL_CONVERSION = YES;
				CLANG_WARN_COMMA = YES;
				CLANG_WARN_CONSTANT_CONVERSION = YES;
				CLANG_WARN_DEPRECATED_OBJC_IMPLEMENTATIONS = YES;
				CLANG_WARN_DIRECT_OBJC_ISA_USAGE = YES_ERROR;
				CLANG_WARN_DOCUMENTATION_COMMENTS = YES;
				CLANG_WARN_EMPTY_BODY = YES;
				CLANG_WARN_ENUM_CONVERSION = YES;
				CLANG_WARN_INFINITE_RECURSION = YES;
				CLANG_WARN_INT_CONVERSION = YES;
				CLANG_WARN_NON_LITERAL_NULL_CONVERSION = YES;
				CLANG_WARN_OBJC_IMPLICIT_RETAIN_SELF = YES;
				CLANG_WARN_OBJC_LITERAL_CONVERSION = YES;
				CLANG_WARN_OBJC_ROOT_CLASS = YES_ERROR;
				CLANG_WARN_QUOTED_INCLUDE_IN_FRAMEWORK_HEADER = YES;
				CLANG_WARN_RANGE_LOOP_ANALYSIS = YES;
				CLANG_WARN_STRICT_PROTOTYPES = YES;
				CLANG_WARN_SUSPICIOUS_MOVE = YES;
				CLANG_WARN_UNGUARDED_AVAILABILITY = YES_AGGRESSIVE;
				CLANG_WARN_UNREACHABLE_CODE = YES;
				CLANG_WARN__DUPLICATE_METHOD_MATCH = YES;
				COPY_PHASE_STRIP = NO;
				DEBUG_INFORMATION_FORMAT = "dwarf-with-dsym";
				ENABLE_NS_ASSERTIONS = NO;
				ENABLE_STRICT_OBJC_MSGSEND = YES;
				ENABLE_USER_SCRIPT_SANDBOXING = YES;
				GCC_C_LANGUAGE_STANDARD = gnu17;
				GCC_NO_COMMON_BLOCKS = YES;
				GCC_WARN_64_TO_32_BIT_CONVERSION = YES;
				GCC_WARN_ABOUT_RETURN_TYPE = YES_ERROR;
				GCC_WARN_UNDECLARED_SELECTOR = YES;
				GCC_WARN_UNINITIALIZED_AUTOS = YES_AGGRESSIVE;
				GCC_WARN_UNUSED_FUNCTION = YES;
				GCC_WARN_UNUSED_VARIABLE = YES;
				IPHONEOS_DEPLOYMENT_TARGET = 18.1;
				LOCALIZATION_PREFERS_STRING_CATALOGS = YES;
				MTL_ENABLE_DEBUG_INFO = NO;
				MTL_FAST_MATH = YES;
				SDKROOT = iphoneos;
				SWIFT_COMPILATION_MODE = wholemodule;
				VALIDATE_PRODUCT = YES;
			};
			name = Release;
		};
		AC22FAC32D0830BE00BFC51E /* Debug */ = {
			isa = XCBuildConfiguration;
			buildSettings = {
				ASSETCATALOG_COMPILER_APPICON_NAME = AppIcon;
				ASSETCATALOG_COMPILER_GLOBAL_ACCENT_COLOR_NAME = AccentColor;
				CODE_SIGN_STYLE = Automatic;
				CURRENT_PROJECT_VERSION = 1;
				DEVELOPMENT_ASSET_PATHS = "\"EasyStudy/Preview Content\"";
				ENABLE_PREVIEWS = YES;
				GENERATE_INFOPLIST_FILE = YES;
				INFOPLIST_KEY_UIApplicationSceneManifest_Generation = YES;
				INFOPLIST_KEY_UIApplicationSupportsIndirectInputEvents = YES;
				INFOPLIST_KEY_UILaunchScreen_Generation = YES;
				INFOPLIST_KEY_UISupportedInterfaceOrientations_iPad = "UIInterfaceOrientationPortrait UIInterfaceOrientationPortraitUpsideDown UIInterfaceOrientationLandscapeLeft UIInterfaceOrientationLandscapeRight";
				INFOPLIST_KEY_UISupportedInterfaceOrientations_iPhone = "UIInterfaceOrientationPortrait UIInterfaceOrientationLandscapeLeft UIInterfaceOrientationLandscapeRight";
				LD_RUNPATH_SEARCH_PATHS = (
					"$(inherited)",
					"@executable_path/Frameworks",
				);
				MARKETING_VERSION = 1.0;
				PRODUCT_BUNDLE_IDENTIFIER = lesbgs.EasyStudy;
				PRODUCT_NAME = "$(TARGET_NAME)";
				SWIFT_EMIT_LOC_STRINGS = YES;
				SWIFT_VERSION = 5.0;
				TARGETED_DEVICE_FAMILY = "1,2";
			};
			name = Debug;
		};
		AC22FAC42D0830BE00BFC51E /* Release */ = {
			isa = XCBuildConfiguration;
			buildSettings = {
				ASSETCATALOG_COMPILER_APPICON_NAME = AppIcon;
				ASSETCATALOG_COMPILER_GLOBAL_ACCENT_COLOR_NAME = AccentColor;
				CODE_SIGN_STYLE = Automatic;
				CURRENT_PROJECT_VERSION = 1;
				DEVELOPMENT_ASSET_PATHS = "\"EasyStudy/Preview Content\"";
				ENABLE_PREVIEWS = YES;
				GENERATE_INFOPLIST_FILE = YES;
				INFOPLIST_KEY_UIApplicationSceneManifest_Generation = YES;
				INFOPLIST_KEY_UIApplicationSupportsIndirectInputEvents = YES;
				INFOPLIST_KEY_UILaunchScreen_Generation = YES;
				INFOPLIST_KEY_UISupportedInterfaceOrientations_iPad = "UIInterfaceOrientationPortrait UIInterfaceOrientationPortraitUpsideDown UIInterfaceOrientationLandscapeLeft UIInterfaceOrientationLandscapeRight";
				INFOPLIST_KEY_UISupportedInterfaceOrientations_iPhone = "UIInterfaceOrientationPortrait UIInterfaceOrientationLandscapeLeft UIInterfaceOrientationLandscapeRight";
				LD_RUNPATH_SEARCH_PATHS = (
					"$(inherited)",
					"@executable_path/Frameworks",
				);
				MARKETING_VERSION = 1.0;
				PRODUCT_BUNDLE_IDENTIFIER = lesbgs.EasyStudy;
				PRODUCT_NAME = "$(TARGET_NAME)";
				SWIFT_EMIT_LOC_STRINGS = YES;
				SWIFT_VERSION = 5.0;
				TARGETED_DEVICE_FAMILY = "1,2";
			};
			name = Release;
		};
		AC22FAC62D0830BE00BFC51E /* Debug */ = {
			isa = XCBuildConfiguration;
			buildSettings = {
				BUNDLE_LOADER = "$(TEST_HOST)";
				CODE_SIGN_STYLE = Automatic;
				CURRENT_PROJECT_VERSION = 1;
				GENERATE_INFOPLIST_FILE = YES;
				IPHONEOS_DEPLOYMENT_TARGET = 18.1;
				MARKETING_VERSION = 1.0;
				PRODUCT_BUNDLE_IDENTIFIER = lesbgs.EasyStudyTests;
				PRODUCT_NAME = "$(TARGET_NAME)";
				SWIFT_EMIT_LOC_STRINGS = NO;
				SWIFT_VERSION = 5.0;
				TARGETED_DEVICE_FAMILY = "1,2";
				TEST_HOST = "$(BUILT_PRODUCTS_DIR)/EasyStudy.app/$(BUNDLE_EXECUTABLE_FOLDER_PATH)/EasyStudy";
			};
			name = Debug;
		};
		AC22FAC72D0830BE00BFC51E /* Release */ = {
			isa = XCBuildConfiguration;
			buildSettings = {
				BUNDLE_LOADER = "$(TEST_HOST)";
				CODE_SIGN_STYLE = Automatic;
				CURRENT_PROJECT_VERSION = 1;
				GENERATE_INFOPLIST_FILE = YES;
				IPHONEOS_DEPLOYMENT_TARGET = 18.1;
				MARKETING_VERSION = 1.0;
				PRODUCT_BUNDLE_IDENTIFIER = lesbgs.EasyStudyTests;
				PRODUCT_NAME = "$(TARGET_NAME)";
				SWIFT_EMIT_LOC_STRINGS = NO;
				SWIFT_VERSION = 5.0;
				TARGETED_DEVICE_FAMILY = "1,2";
				TEST_HOST = "$(BUILT_PRODUCTS_DIR)/EasyStudy.app/$(BUNDLE_EXECUTABLE_FOLDER_PATH)/EasyStudy";
			};
			name = Release;
		};
		AC22FAC92D0830BE00BFC51E /* Debug */ = {
			isa = XCBuildConfiguration;
			buildSettings = {
				CODE_SIGN_STYLE = Automatic;
				CURRENT_PROJECT_VERSION = 1;
				GENERATE_INFOPLIST_FILE = YES;
				MARKETING_VERSION = 1.0;
				PRODUCT_BUNDLE_IDENTIFIER = lesbgs.EasyStudyUITests;
				PRODUCT_NAME = "$(TARGET_NAME)";
				SWIFT_EMIT_LOC_STRINGS = NO;
				SWIFT_VERSION = 5.0;
				TARGETED_DEVICE_FAMILY = "1,2";
				TEST_TARGET_NAME = EasyStudy;
			};
			name = Debug;
		};
		AC22FACA2D0830BE00BFC51E /* Release */ = {
			isa = XCBuildConfiguration;
			buildSettings = {
				CODE_SIGN_STYLE = Automatic;
				CURRENT_PROJECT_VERSION = 1;
				GENERATE_INFOPLIST_FILE = YES;
				MARKETING_VERSION = 1.0;
				PRODUCT_BUNDLE_IDENTIFIER = lesbgs.EasyStudyUITests;
				PRODUCT_NAME = "$(TARGET_NAME)";
				SWIFT_EMIT_LOC_STRINGS = NO;
				SWIFT_VERSION = 5.0;
				TARGETED_DEVICE_FAMILY = "1,2";
				TEST_TARGET_NAME = EasyStudy;
			};
			name = Release;
		};
/* End XCBuildConfiguration section */

/* Begin XCConfigurationList section */
		AC22FA992D0830BC00BFC51E /* Build configuration list for PBXProject "EasyStudy" */ = {
			isa = XCConfigurationList;
			buildConfigurations = (
				AC22FAC02D0830BE00BFC51E /* Debug */,
				AC22FAC12D0830BE00BFC51E /* Release */,
			);
			defaultConfigurationIsVisible = 0;
			defaultConfigurationName = Release;
		};
		AC22FAC22D0830BE00BFC51E /* Build configuration list for PBXNativeTarget "EasyStudy" */ = {
			isa = XCConfigurationList;
			buildConfigurations = (
				AC22FAC32D0830BE00BFC51E /* Debug */,
				AC22FAC42D0830BE00BFC51E /* Release */,
			);
			defaultConfigurationIsVisible = 0;
			defaultConfigurationName = Release;
		};
		AC22FAC52D0830BE00BFC51E /* Build configuration list for PBXNativeTarget "EasyStudyTests" */ = {
			isa = XCConfigurationList;
			buildConfigurations = (
				AC22FAC62D0830BE00BFC51E /* Debug */,
				AC22FAC72D0830BE00BFC51E /* Release */,
			);
			defaultConfigurationIsVisible = 0;
			defaultConfigurationName = Release;
		};
		AC22FAC82D0830BE00BFC51E /* Build configuration list for PBXNativeTarget "EasyStudyUITests" */ = {
			isa = XCConfigurationList;
			buildConfigurations = (
				AC22FAC92D0830BE00BFC51E /* Debug */,
				AC22FACA2D0830BE00BFC51E /* Release */,
			);
			defaultConfigurationIsVisible = 0;
			defaultConfigurationName = Release;
		};
/* End XCConfigurationList section */
	};
	rootObject = AC22FA962D0830BC00BFC51E /* Project object */;
}
